
Microsoft Visual Studio Solution File, Format Version 12.00
# Visual Studio Version 18
VisualStudioVersion = 18.4.11626.88
MinimumVisualStudioVersion = 10.0.40219.1
Project("{FAE04EC0-301F-11D3-BF4B-00C04F79EFBC}") = "WebApplication1", "WebApplication1.csproj", "{19317912-AC4B-45A3-1276-85453B678B5B}"
EndProject
Project("{FAE04EC0-301F-11D3-BF4B-00C04F79EFBC}") = "Domain", "..\ClassLibrary1\Domain.csproj", "{2BC6877C-F4EB-A2AE-12AA-317D9F62DD9F}"
EndProject
Project("{FAE04EC0-301F-11D3-BF4B-00C04F79EFBC}") = "Infrastructure", "..\Infrastructure\Infrastructure.csproj", "{C89F7701-1230-045D-AC93-AE7F7C59B668}"
EndProject
Global
	GlobalSection(SolutionConfigurationPlatforms) = preSolution
		Debug|Any CPU = Debug|Any CPU
		Release|Any CPU = Release|Any CPU
	EndGlobalSection
	GlobalSection(ProjectConfigurationPlatforms) = postSolution
		{19317912-AC4B-45A3-1276-85453B678B5B}.Debug|Any CPU.ActiveCfg = Debug|Any CPU
		{19317912-AC4B-45A3-1276-85453B678B5B}.Debug|Any CPU.Build.0 = Debug|Any CPU
		{19317912-AC4B-45A3-1276-85453B678B5B}.Release|Any CPU.ActiveCfg = Release|Any CPU
		{19317912-AC4B-45A3-1276-85453B678B5B}.Release|Any CPU.Build.0 = Release|Any CPU
		{2BC6877C-F4EB-A2AE-12AA-317D9F62DD9F}.Debug|Any CPU.ActiveCfg = Debug|Any CPU
		{2BC6877C-F4EB-A2AE-12AA-317D9F62DD9F}.Debug|Any CPU.Build.0 = Debug|Any CPU
		{2BC6877C-F4EB-A2AE-12AA-317D9F62DD9F}.Release|Any CPU.ActiveCfg = Release|Any CPU
		{2BC6877C-F4EB-A2AE-12AA-317D9F62DD9F}.Release|Any CPU.Build.0 = Release|Any CPU
		{C89F7701-1230-045D-AC93-AE7F7C59B668}.Debug|Any CPU.ActiveCfg = Debug|Any CPU
		{C89F7701-1230-045D-AC93-AE7F7C59B668}.Debug|Any CPU.Build.0 = Debug|Any CPU
		{C89F7701-1230-045D-AC93-AE7F7C59B668}.Release|Any CPU.ActiveCfg = Release|Any CPU
		{C89F7701-1230-045D-AC93-AE7F7C59B668}.Release|Any CPU.Build.0 = Release|Any CPU
	EndGlobalSection
	GlobalSection(SolutionProperties) = preSolution
		HideSolutionNode = FALSE
	EndGlobalSection
	GlobalSection(ExtensibilityGlobals) = postSolution
		SolutionGuid = {4A92500C-C972-403F-A5D5-56ECEC98DF09}
	EndGlobalSection
EndGlobal
